
Microsoft Visual Studio Solution File, Format Version 12.00
# Visual Studio Version 16
VisualStudioVersion = 16.0.30717.126
MinimumVisualStudioVersion = 10.0.40219.1
Project("{00D1A9C2-B5F0-4AF3-8072-F6C62B433612}") = "MovieRental.Database", "MovieRental.Database\MovieRental.Database.sqlproj", "{BBF8372C-47C0-469E-9ADB-4D2B95CC9C8D}"
EndProject
Project("{9A19103F-16F7-4668-BE54-9A1E7A4F7556}") = "ADOLibrary", "ADOLibrary\ADOLibrary.csproj", "{D611ACA4-2164-4F61-8E9E-4A89C9A14752}"
EndProject
Project("{FAE04EC0-301F-11D3-BF4B-00C04F79EFBC}") = "MoviesRental.DAL", "MoviesRental.DAL\MoviesRental.DAL.csproj", "{944443F1-4897-451A-9072-2AD0F70D00BF}"
EndProject
Project("{FAE04EC0-301F-11D3-BF4B-00C04F79EFBC}") = "MoviesRental.API", "MoviesRental.API\MoviesRental.API.csproj", "{78CDAAD6-78B9-4227-BC26-1C4DE9C2A676}"
EndProject
Global
	GlobalSection(SolutionConfigurationPlatforms) = preSolution
		Debug|Any CPU = Debug|Any CPU
		Release|Any CPU = Release|Any CPU
	EndGlobalSection
	GlobalSection(ProjectConfigurationPlatforms) = postSolution
		{BBF8372C-47C0-469E-9ADB-4D2B95CC9C8D}.Debug|Any CPU.ActiveCfg = Debug|Any CPU
		{BBF8372C-47C0-469E-9ADB-4D2B95CC9C8D}.Debug|Any CPU.Build.0 = Debug|Any CPU
		{BBF8372C-47C0-469E-9ADB-4D2B95CC9C8D}.Debug|Any CPU.Deploy.0 = Debug|Any CPU
		{BBF8372C-47C0-469E-9ADB-4D2B95CC9C8D}.Release|Any CPU.ActiveCfg = Release|Any CPU
		{BBF8372C-47C0-469E-9ADB-4D2B95CC9C8D}.Release|Any CPU.Build.0 = Release|Any CPU
		{BBF8372C-47C0-469E-9ADB-4D2B95CC9C8D}.Release|Any CPU.Deploy.0 = Release|Any CPU
		{D611ACA4-2164-4F61-8E9E-4A89C9A14752}.Debug|Any CPU.ActiveCfg = Debug|Any CPU
		{D611ACA4-2164-4F61-8E9E-4A89C9A14752}.Debug|Any CPU.Build.0 = Debug|Any CPU
		{D611ACA4-2164-4F61-8E9E-4A89C9A14752}.Release|Any CPU.ActiveCfg = Release|Any CPU
		{D611ACA4-2164-4F61-8E9E-4A89C9A14752}.Release|Any CPU.Build.0 = Release|Any CPU
		{944443F1-4897-451A-9072-2AD0F70D00BF}.Debug|Any CPU.ActiveCfg = Debug|Any CPU
		{944443F1-4897-451A-9072-2AD0F70D00BF}.Debug|Any CPU.Build.0 = Debug|Any CPU
		{944443F1-4897-451A-9072-2AD0F70D00BF}.Release|Any CPU.ActiveCfg = Release|Any CPU
		{944443F1-4897-451A-9072-2AD0F70D00BF}.Release|Any CPU.Build.0 = Release|Any CPU
		{78CDAAD6-78B9-4227-BC26-1C4DE9C2A676}.Debug|Any CPU.ActiveCfg = Debug|Any CPU
		{78CDAAD6-78B9-4227-BC26-1C4DE9C2A676}.Debug|Any CPU.Build.0 = Debug|Any CPU
		{78CDAAD6-78B9-4227-BC26-1C4DE9C2A676}.Release|Any CPU.ActiveCfg = Release|Any CPU
		{78CDAAD6-78B9-4227-BC26-1C4DE9C2A676}.Release|Any CPU.Build.0 = Release|Any CPU
	EndGlobalSection
	GlobalSection(SolutionProperties) = preSolution
		HideSolutionNode = FALSE
	EndGlobalSection
	GlobalSection(ExtensibilityGlobals) = postSolution
		SolutionGuid = {00100157-90B1-4871-9866-2EE20E0A2D5E}
	EndGlobalSection
EndGlobal
